
Microsoft Visual Studio Solution File, Format Version 12.00
# Visual Studio Version 17
VisualStudioVersion = 17.6.33815.320
MinimumVisualStudioVersion = 10.0.40219.1
Project("{FAE04EC0-301F-11D3-BF4B-00C04F79EFBC}") = "AsyncDownloadSaveFile", "AsyncDownloadSaveFile.csproj", "{6833777F-8030-4487-859F-0B640EA5F2C1}"
EndProject
Global
	GlobalSection(SolutionConfigurationPlatforms) = preSolution
		Debug|Any CPU = Debug|Any CPU
		Release|Any CPU = Release|Any CPU
	EndGlobalSection
	GlobalSection(ProjectConfigurationPlatforms) = postSolution
		{6833777F-8030-4487-859F-0B640EA5F2C1}.Debug|Any CPU.ActiveCfg = Debug|Any CPU
		{6833777F-8030-4487-859F-0B640EA5F2C1}.Debug|Any CPU.Build.0 = Debug|Any CPU
		{6833777F-8030-4487-859F-0B640EA5F2C1}.Release|Any CPU.ActiveCfg = Release|Any CPU
		{6833777F-8030-4487-859F-0B640EA5F2C1}.Release|Any CPU.Build.0 = Release|Any CPU
	EndGlobalSection
	GlobalSection(SolutionProperties) = preSolution
		HideSolutionNode = FALSE
	EndGlobalSection
	GlobalSection(ExtensibilityGlobals) = postSolution
		SolutionGuid = {6A7B73FB-9A6F-4ACD-BA25-5A46620E45FE}
	EndGlobalSection
EndGlobal
